
Microsoft Visual Studio Solution File, Format Version 12.00
# Visual Studio Version 17
VisualStudioVersion = 17.14.36414.22
MinimumVisualStudioVersion = 10.0.40219.1
Project("{FAE04EC0-301F-11D3-BF4B-00C04F79EFBC}") = "SchemaMigrationTool", "SchemaMigrationTool\SchemaMigrationTool.csproj", "{154E9D6D-5C35-4935-8A63-392B25DE5B37}"
EndProject
Project("{FAE04EC0-301F-11D3-BF4B-00C04F79EFBC}") = "SchemaMigrationTool.Tests", "SchemaMigrationTool.Tests\SchemaMigrationTool.Tests.csproj", "{5E7D5647-17E2-4F6C-911F-E307E6139772}"
EndProject
Global
	GlobalSection(SolutionConfigurationPlatforms) = preSolution
		Debug|Any CPU = Debug|Any CPU
		Debug|x64 = Debug|x64
		Debug|x86 = Debug|x86
		Release|Any CPU = Release|Any CPU
		Release|x64 = Release|x64
		Release|x86 = Release|x86
	EndGlobalSection
	GlobalSection(ProjectConfigurationPlatforms) = postSolution
		{154E9D6D-5C35-4935-8A63-392B25DE5B37}.Debug|Any CPU.ActiveCfg = Debug|Any CPU
		{154E9D6D-5C35-4935-8A63-392B25DE5B37}.Debug|Any CPU.Build.0 = Debug|Any CPU
		{154E9D6D-5C35-4935-8A63-392B25DE5B37}.Debug|x64.ActiveCfg = Debug|Any CPU
		{154E9D6D-5C35-4935-8A63-392B25DE5B37}.Debug|x64.Build.0 = Debug|Any CPU
		{154E9D6D-5C35-4935-8A63-392B25DE5B37}.Debug|x86.ActiveCfg = Debug|Any CPU
		{154E9D6D-5C35-4935-8A63-392B25DE5B37}.Debug|x86.Build.0 = Debug|Any CPU
		{154E9D6D-5C35-4935-8A63-392B25DE5B37}.Release|Any CPU.ActiveCfg = Release|Any CPU
		{154E9D6D-5C35-4935-8A63-392B25DE5B37}.Release|Any CPU.Build.0 = Release|Any CPU
		{154E9D6D-5C35-4935-8A63-392B25DE5B37}.Release|x64.ActiveCfg = Release|Any CPU
		{154E9D6D-5C35-4935-8A63-392B25DE5B37}.Release|x64.Build.0 = Release|Any CPU
		{154E9D6D-5C35-4935-8A63-392B25DE5B37}.Release|x86.ActiveCfg = Release|Any CPU
		{154E9D6D-5C35-4935-8A63-392B25DE5B37}.Release|x86.Build.0 = Release|Any CPU
		{5E7D5647-17E2-4F6C-911F-E307E6139772}.Debug|Any CPU.ActiveCfg = Debug|Any CPU
		{5E7D5647-17E2-4F6C-911F-E307E6139772}.Debug|Any CPU.Build.0 = Debug|Any CPU
		{5E7D5647-17E2-4F6C-911F-E307E6139772}.Debug|x64.ActiveCfg = Debug|Any CPU
		{5E7D5647-17E2-4F6C-911F-E307E6139772}.Debug|x64.Build.0 = Debug|Any CPU
		{5E7D5647-17E2-4F6C-911F-E307E6139772}.Debug|x86.ActiveCfg = Debug|Any CPU
		{5E7D5647-17E2-4F6C-911F-E307E6139772}.Debug|x86.Build.0 = Debug|Any CPU
		{5E7D5647-17E2-4F6C-911F-E307E6139772}.Release|Any CPU.ActiveCfg = Release|Any CPU
		{5E7D5647-17E2-4F6C-911F-E307E6139772}.Release|Any CPU.Build.0 = Release|Any CPU
		{5E7D5647-17E2-4F6C-911F-E307E6139772}.Release|x64.ActiveCfg = Release|Any CPU
		{5E7D5647-17E2-4F6C-911F-E307E6139772}.Release|x64.Build.0 = Release|Any CPU
		{5E7D5647-17E2-4F6C-911F-E307E6139772}.Release|x86.ActiveCfg = Release|Any CPU
		{5E7D5647-17E2-4F6C-911F-E307E6139772}.Release|x86.Build.0 = Release|Any CPU
	EndGlobalSection
	GlobalSection(SolutionProperties) = preSolution
		HideSolutionNode = FALSE
	EndGlobalSection
	GlobalSection(ExtensibilityGlobals) = postSolution
		SolutionGuid = {A85ABF18-848F-4F64-B5F2-17F6ECBF7B35}
	EndGlobalSection
EndGlobal
